
Microsoft Visual Studio Solution File, Format Version 12.00
# Visual Studio Version 16
VisualStudioVersion = 16.0.29728.190
MinimumVisualStudioVersion = 10.0.40219.1
Project("{FAE04EC0-301F-11D3-BF4B-00C04F79EFBC}") = "Giselle.Coroutine", "Giselle.Coroutine\Giselle.Coroutine.csproj", "{3D10D4F4-037D-4E7A-8639-443407211F18}"
EndProject
Project("{FAE04EC0-301F-11D3-BF4B-00C04F79EFBC}") = "Giselle.Coroutine.Test", "Giselle.Coroutine.Test\Giselle.Coroutine.Test.csproj", "{B41966E6-A4AF-4680-B2CC-46F991A968EE}"
EndProject
Global
	GlobalSection(SolutionConfigurationPlatforms) = preSolution
		Debug|Any CPU = Debug|Any CPU
		Release|Any CPU = Release|Any CPU
	EndGlobalSection
	GlobalSection(ProjectConfigurationPlatforms) = postSolution
		{3D10D4F4-037D-4E7A-8639-443407211F18}.Debug|Any CPU.ActiveCfg = Debug|Any CPU
		{3D10D4F4-037D-4E7A-8639-443407211F18}.Debug|Any CPU.Build.0 = Debug|Any CPU
		{3D10D4F4-037D-4E7A-8639-443407211F18}.Release|Any CPU.ActiveCfg = Release|Any CPU
		{3D10D4F4-037D-4E7A-8639-443407211F18}.Release|Any CPU.Build.0 = Release|Any CPU
		{B41966E6-A4AF-4680-B2CC-46F991A968EE}.Debug|Any CPU.ActiveCfg = Debug|Any CPU
		{B41966E6-A4AF-4680-B2CC-46F991A968EE}.Debug|Any CPU.Build.0 = Debug|Any CPU
		{B41966E6-A4AF-4680-B2CC-46F991A968EE}.Release|Any CPU.ActiveCfg = Release|Any CPU
		{B41966E6-A4AF-4680-B2CC-46F991A968EE}.Release|Any CPU.Build.0 = Release|Any CPU
	EndGlobalSection
	GlobalSection(SolutionProperties) = preSolution
		HideSolutionNode = FALSE
	EndGlobalSection
	GlobalSection(ExtensibilityGlobals) = postSolution
		SolutionGuid = {E0BBFF45-6D71-47B4-B626-3F71FC210DA6}
	EndGlobalSection
EndGlobal
